
Microsoft Visual Studio Solution File, Format Version 12.00
# Visual Studio 2012
Project("{FAE04EC0-301F-11D3-BF4B-00C04F79EFBC}") = "Bank", "RabbitMQ_Test\Bank.csproj", "{E4054D04-2B27-4272-B95C-5BA07BBAA4A9}"
	ProjectSection(ProjectDependencies) = postProject
		{B9A7021D-98A2-42B2-89D0-4A1613A2E033} = {B9A7021D-98A2-42B2-89D0-4A1613A2E033}
	EndProjectSection
EndProject
Project("{FAE04EC0-301F-11D3-BF4B-00C04F79EFBC}") = "ATM", "ATM\ATM.csproj", "{74D20A0D-7E54-4177-9FBD-9703DB067049}"
	ProjectSection(ProjectDependencies) = postProject
		{B9A7021D-98A2-42B2-89D0-4A1613A2E033} = {B9A7021D-98A2-42B2-89D0-4A1613A2E033}
	EndProjectSection
EndProject
Project("{FAE04EC0-301F-11D3-BF4B-00C04F79EFBC}") = "Common", "Common\Common.csproj", "{B9A7021D-98A2-42B2-89D0-4A1613A2E033}"
EndProject
Project("{2150E333-8FDC-42A3-9474-1A3956D46DE8}") = ".nuget", ".nuget", "{45040EF2-68BD-4166-B21A-7767C7598659}"
EndProject
Global
	GlobalSection(SolutionConfigurationPlatforms) = preSolution
		Debug|Any CPU = Debug|Any CPU
		Release|Any CPU = Release|Any CPU
	EndGlobalSection
	GlobalSection(ProjectConfigurationPlatforms) = postSolution
		{E4054D04-2B27-4272-B95C-5BA07BBAA4A9}.Debug|Any CPU.ActiveCfg = Debug|Any CPU
		{E4054D04-2B27-4272-B95C-5BA07BBAA4A9}.Debug|Any CPU.Build.0 = Debug|Any CPU
		{E4054D04-2B27-4272-B95C-5BA07BBAA4A9}.Release|Any CPU.ActiveCfg = Release|Any CPU
		{E4054D04-2B27-4272-B95C-5BA07BBAA4A9}.Release|Any CPU.Build.0 = Release|Any CPU
		{74D20A0D-7E54-4177-9FBD-9703DB067049}.Debug|Any CPU.ActiveCfg = Debug|Any CPU
		{74D20A0D-7E54-4177-9FBD-9703DB067049}.Debug|Any CPU.Build.0 = Debug|Any CPU
		{74D20A0D-7E54-4177-9FBD-9703DB067049}.Release|Any CPU.ActiveCfg = Release|Any CPU
		{74D20A0D-7E54-4177-9FBD-9703DB067049}.Release|Any CPU.Build.0 = Release|Any CPU
		{B9A7021D-98A2-42B2-89D0-4A1613A2E033}.Debug|Any CPU.ActiveCfg = Debug|Any CPU
		{B9A7021D-98A2-42B2-89D0-4A1613A2E033}.Debug|Any CPU.Build.0 = Debug|Any CPU
		{B9A7021D-98A2-42B2-89D0-4A1613A2E033}.Release|Any CPU.ActiveCfg = Release|Any CPU
		{B9A7021D-98A2-42B2-89D0-4A1613A2E033}.Release|Any CPU.Build.0 = Release|Any CPU
	EndGlobalSection
	GlobalSection(SolutionProperties) = preSolution
		HideSolutionNode = FALSE
	EndGlobalSection
EndGlobal
